Microsoft Visual Studio Solution File, Format Version 12.00
# Visual Studio Version 17
VisualStudioVersion = 17.0.31903.59
MinimumVisualStudioVersion = 10.0.40219.1
Project("{2150E333-8FDC-42A3-9474-1A3956D46DE8}") = "src", "src", "{A1B2C3D4-E5F6-4A5B-8C7D-9E0F1A2B3C4D}"
EndProject
Project("{2150E333-8FDC-42A3-9474-1A3956D46DE8}") = "tests", "tests", "{B2C3D4E5-F6A7-4B5C-9D8E-0F1A2B3C4D5E}"
EndProject
Project("{2150E333-8FDC-42A3-9474-1A3956D46DE8}") = "orchestration", "orchestration", "{C3D4E5F6-A7B8-4C5D-9E0F-1A2B3C4D5E6F}"
EndProject
Project("{FAE04EC0-301F-11D3-BF4B-00C04F79EFBC}") = "AuthService.Domain", "src\AuthService.Domain\AuthService.Domain.csproj", "{D4E5F6A7-B8C9-4D5E-A0F1-2B3C4D5E6F7A}"
EndProject
Project("{FAE04EC0-301F-11D3-BF4B-00C04F79EFBC}") = "AuthService.Application", "src\AuthService.Application\AuthService.Application.csproj", "{E5F6A7B8-C9D0-4E5F-B1A2-3C4D5E6F7A8B}"
EndProject
Project("{FAE04EC0-301F-11D3-BF4B-00C04F79EFBC}") = "AuthService.Infrastructure", "src\AuthService.Infrastructure\AuthService.Infrastructure.csproj", "{F6A7B8C9-D0E1-4F5A-C2B3-4D5E6F7A8B9C}"
EndProject
Project("{FAE04EC0-301F-11D3-BF4B-00C04F79EFBC}") = "AuthService.API", "src\AuthService.API\AuthService.API.csproj", "{A7B8C9D0-E1F2-4A5B-D3C4-5E6F7A8B9C0D}"
EndProject
Project("{FAE04EC0-301F-11D3-BF4B-00C04F79EFBC}") = "AuthService.Tests", "tests\AuthService.Tests\AuthService.Tests.csproj", "{B8C9D0E1-F2A3-4B5C-E4D5-6F7A8B9C0D1E}"
EndProject
Project("{FAE04EC0-301F-11D3-BF4B-00C04F79EFBC}") = "AuthService.AppHost", "orchestration\AuthService.AppHost\AuthService.AppHost.csproj", "{C9D0E1F2-A3B4-4C5D-F5E6-7A8B9C0D1E2F}"
EndProject
Project("{FAE04EC0-301F-11D3-BF4B-00C04F79EFBC}") = "AuthService.ServiceDefaults", "orchestration\AuthService.ServiceDefaults\AuthService.ServiceDefaults.csproj", "{D0E1F2A3-B4C5-4D5E-A6F7-8B9C0D1E2F3A}"
EndProject
Global
	GlobalSection(SolutionConfigurationPlatforms) = preSolution
		Debug|Any CPU = Debug|Any CPU
		Release|Any CPU = Release|Any CPU
	EndGlobalSection
	GlobalSection(ProjectConfigurationPlatforms) = postSolution
		{D4E5F6A7-B8C9-4D5E-A0F1-2B3C4D5E6F7A}.Debug|Any CPU.ActiveCfg = Debug|Any CPU
		{D4E5F6A7-B8C9-4D5E-A0F1-2B3C4D5E6F7A}.Debug|Any CPU.Build.0 = Debug|Any CPU
		{D4E5F6A7-B8C9-4D5E-A0F1-2B3C4D5E6F7A}.Release|Any CPU.ActiveCfg = Release|Any CPU
		{D4E5F6A7-B8C9-4D5E-A0F1-2B3C4D5E6F7A}.Release|Any CPU.Build.0 = Release|Any CPU
		{E5F6A7B8-C9D0-4E5F-B1A2-3C4D5E6F7A8B}.Debug|Any CPU.ActiveCfg = Debug|Any CPU
		{E5F6A7B8-C9D0-4E5F-B1A2-3C4D5E6F7A8B}.Debug|Any CPU.Build.0 = Debug|Any CPU
		{E5F6A7B8-C9D0-4E5F-B1A2-3C4D5E6F7A8B}.Release|Any CPU.ActiveCfg = Release|Any CPU
		{E5F6A7B8-C9D0-4E5F-B1A2-3C4D5E6F7A8B}.Release|Any CPU.Build.0 = Release|Any CPU
		{F6A7B8C9-D0E1-4F5A-C2B3-4D5E6F7A8B9C}.Debug|Any CPU.ActiveCfg = Debug|Any CPU
		{F6A7B8C9-D0E1-4F5A-C2B3-4D5E6F7A8B9C}.Debug|Any CPU.Build.0 = Debug|Any CPU
		{F6A7B8C9-D0E1-4F5A-C2B3-4D5E6F7A8B9C}.Release|Any CPU.ActiveCfg = Release|Any CPU
		{F6A7B8C9-D0E1-4F5A-C2B3-4D5E6F7A8B9C}.Release|Any CPU.Build.0 = Release|Any CPU
		{A7B8C9D0-E1F2-4A5B-D3C4-5E6F7A8B9C0D}.Debug|Any CPU.ActiveCfg = Debug|Any CPU
		{A7B8C9D0-E1F2-4A5B-D3C4-5E6F7A8B9C0D}.Debug|Any CPU.Build.0 = Debug|Any CPU
		{A7B8C9D0-E1F2-4A5B-D3C4-5E6F7A8B9C0D}.Release|Any CPU.ActiveCfg = Release|Any CPU
		{A7B8C9D0-E1F2-4A5B-D3C4-5E6F7A8B9C0D}.Release|Any CPU.Build.0 = Release|Any CPU
		{B8C9D0E1-F2A3-4B5C-E4D5-6F7A8B9C0D1E}.Debug|Any CPU.ActiveCfg = Debug|Any CPU
		{B8C9D0E1-F2A3-4B5C-E4D5-6F7A8B9C0D1E}.Debug|Any CPU.Build.0 = Debug|Any CPU
		{B8C9D0E1-F2A3-4B5C-E4D5-6F7A8B9C0D1E}.Release|Any CPU.ActiveCfg = Release|Any CPU
		{B8C9D0E1-F2A3-4B5C-E4D5-6F7A8B9C0D1E}.Release|Any CPU.Build.0 = Release|Any CPU
		{C9D0E1F2-A3B4-4C5D-F5E6-7A8B9C0D1E2F}.Debug|Any CPU.ActiveCfg = Debug|Any CPU
		{C9D0E1F2-A3B4-4C5D-F5E6-7A8B9C0D1E2F}.Debug|Any CPU.Build.0 = Debug|Any CPU
		{C9D0E1F2-A3B4-4C5D-F5E6-7A8B9C0D1E2F}.Release|Any CPU.ActiveCfg = Release|Any CPU
		{C9D0E1F2-A3B4-4C5D-F5E6-7A8B9C0D1E2F}.Release|Any CPU.Build.0 = Release|Any CPU
		{D0E1F2A3-B4C5-4D5E-A6F7-8B9C0D1E2F3A}.Debug|Any CPU.ActiveCfg = Debug|Any CPU
		{D0E1F2A3-B4C5-4D5E-A6F7-8B9C0D1E2F3A}.Debug|Any CPU.Build.0 = Debug|Any CPU
		{D0E1F2A3-B4C5-4D5E-A6F7-8B9C0D1E2F3A}.Release|Any CPU.ActiveCfg = Release|Any CPU
		{D0E1F2A3-B4C5-4D5E-A6F7-8B9C0D1E2F3A}.Release|Any CPU.Build.0 = Release|Any CPU
	EndGlobalSection
	GlobalSection(SolutionProperties) = preSolution
		HideSolutionNode = FALSE
	EndGlobalSection
	GlobalSection(NestedProjects) = preSolution
		{D4E5F6A7-B8C9-4D5E-A0F1-2B3C4D5E6F7A} = {A1B2C3D4-E5F6-4A5B-8C7D-9E0F1A2B3C4D}
		{E5F6A7B8-C9D0-4E5F-B1A2-3C4D5E6F7A8B} = {A1B2C3D4-E5F6-4A5B-8C7D-9E0F1A2B3C4D}
		{F6A7B8C9-D0E1-4F5A-C2B3-4D5E6F7A8B9C} = {A1B2C3D4-E5F6-4A5B-8C7D-9E0F1A2B3C4D}
		{A7B8C9D0-E1F2-4A5B-D3C4-5E6F7A8B9C0D} = {A1B2C3D4-E5F6-4A5B-8C7D-9E0F1A2B3C4D}
		{B8C9D0E1-F2A3-4B5C-E4D5-6F7A8B9C0D1E} = {B2C3D4E5-F6A7-4B5C-9D8E-0F1A2B3C4D5E}
		{C9D0E1F2-A3B4-4C5D-F5E6-7A8B9C0D1E2F} = {C3D4E5F6-A7B8-4C5D-9E0F-1A2B3C4D5E6F}
		{D0E1F2A3-B4C5-4D5E-A6F7-8B9C0D1E2F3A} = {C3D4E5F6-A7B8-4C5D-9E0F-1A2B3C4D5E6F}
	EndGlobalSection
EndGlobal
